
Microsoft Visual Studio Solution File, Format Version 12.00
# Visual Studio Version 16
VisualStudioVersion = 16.0.29424.173
MinimumVisualStudioVersion = 10.0.40219.1
Project("{FAE04EC0-301F-11D3-BF4B-00C04F79EFBC}") = "Framework.CDQXIN.DBUtility", "Framework.CDQXIN.DBUtility\Framework.CDQXIN.DBUtility.csproj", "{3D2DE637-0D39-427B-92A4-B99F89C963C0}"
EndProject
Project("{FAE04EC0-301F-11D3-BF4B-00C04F79EFBC}") = "Framework.CDQXIN.ConsoleTest", "Framework.CDQXIN.ConsoleTest\Framework.CDQXIN.ConsoleTest.csproj", "{02164008-BF19-48E5-9E9E-4EF1A94DB8FA}"
EndProject
Global
	GlobalSection(SolutionConfigurationPlatforms) = preSolution
		Debug|Any CPU = Debug|Any CPU
		Release|Any CPU = Release|Any CPU
	EndGlobalSection
	GlobalSection(ProjectConfigurationPlatforms) = postSolution
		{3D2DE637-0D39-427B-92A4-B99F89C963C0}.Debug|Any CPU.ActiveCfg = Debug|Any CPU
		{3D2DE637-0D39-427B-92A4-B99F89C963C0}.Debug|Any CPU.Build.0 = Debug|Any CPU
		{3D2DE637-0D39-427B-92A4-B99F89C963C0}.Release|Any CPU.ActiveCfg = Release|Any CPU
		{3D2DE637-0D39-427B-92A4-B99F89C963C0}.Release|Any CPU.Build.0 = Release|Any CPU
		{02164008-BF19-48E5-9E9E-4EF1A94DB8FA}.Debug|Any CPU.ActiveCfg = Debug|Any CPU
		{02164008-BF19-48E5-9E9E-4EF1A94DB8FA}.Debug|Any CPU.Build.0 = Debug|Any CPU
		{02164008-BF19-48E5-9E9E-4EF1A94DB8FA}.Release|Any CPU.ActiveCfg = Release|Any CPU
		{02164008-BF19-48E5-9E9E-4EF1A94DB8FA}.Release|Any CPU.Build.0 = Release|Any CPU
	EndGlobalSection
	GlobalSection(SolutionProperties) = preSolution
		HideSolutionNode = FALSE
	EndGlobalSection
	GlobalSection(ExtensibilityGlobals) = postSolution
		SolutionGuid = {5F417931-574C-4F1E-A9D1-E3A5B118AE2A}
	EndGlobalSection
EndGlobal
